<?xml version="1.0" encoding="UTF-8" standalone="yes" ?>
<CodeBlocks_project_file>
	<FileVersion major="1" minor="6" />
	<Project>
		<Option title="TrabalhoRayLib" />
		<Option pch_mode="2" />
		<Option compiler="gcc" />
		<Build>
			<Target title="Debug">
				<Option output="bin/Debug/TesteTrabalhoRayLib" prefix_auto="1" extension_auto="1" />
				<Option object_output="obj/Debug/" />
				<Option type="1" />
				<Option compiler="gcc" />
				<Compiler>
					<Add option="-g" />
				</Compiler>
			</Target>
			<Target title="Release">
				<Option output="bin/Release/TesteTrabalhoRayLib" prefix_auto="1" extension_auto="1" />
				<Option object_output="obj/Release/" />
				<Option type="1" />
				<Option compiler="gcc" />
				<Compiler>
					<Add option="-O2" />
				</Compiler>
				<Linker>
					<Add option="-s" />
				</Linker>
			</Target>
		</Build>
		<Compiler>
			<Add option="-Wall" />
		</Compiler>
		<Unit filename="TrabalhoRayLib.cbp" />
		<Unit filename="TrabalhoRayLib.depend" />
		<Unit filename="TrabalhoRayLib.layout" />
		<Unit filename="bau.h" />
		<Unit filename="camera.c">
			<Option compilerVar="CC" />
		</Unit>
		<Unit filename="camera.h" />
		<Unit filename="controle.c">
			<Option compilerVar="CC" />
		</Unit>
		<Unit filename="controle.h" />
		<Unit filename="coordenadas.c">
			<Option compilerVar="CC" />
		</Unit>
		<Unit filename="coordenadas.h" />
		<Unit filename="desenha.c">
			<Option compilerVar="CC" />
		</Unit>
		<Unit filename="desenha.h" />
		<Unit filename="fase1.txt" />
		<Unit filename="fase2.txt" />
		<Unit filename="fase3.txt" />
		<Unit filename="gravidade.c">
			<Option compilerVar="CC" />
		</Unit>
		<Unit filename="gravidade.h" />
		<Unit filename="jogador.c">
			<Option compilerVar="CC" />
		</Unit>
		<Unit filename="jogador.h" />
		<Unit filename="main.c">
			<Option compilerVar="CC" />
		</Unit>
		<Unit filename="mapa.c">
			<Option compilerVar="CC" />
		</Unit>
		<Unit filename="mapa.h" />
		<Unit filename="salva_estado_jogo.c">
			<Option compilerVar="CC" />
		</Unit>
		<Unit filename="salva_estado_jogo.h">
			<Option target="&lt;{~None~}&gt;" />
		</Unit>
		<Unit filename="telas.h" />
		<Extensions>
			<lib_finder disable_auto="1" />
		</Extensions>
	</Project>
</CodeBlocks_project_file>
